
Microsoft Visual Studio Solution File, Format Version 12.00
# Visual Studio Version 17
VisualStudioVersion = 17.3.32901.215
MinimumVisualStudioVersion = 10.0.40219.1
Project("{FAE04EC0-301F-11D3-BF4B-00C04F79EFBC}") = "UAS_PBO_1214066", "UAS_PBO_1214066\UAS_PBO_1214066.csproj", "{58041D41-AA72-42E5-AF9D-66CA8ED3B5DF}"
EndProject
Global
	GlobalSection(SolutionConfigurationPlatforms) = preSolution
		Debug|Any CPU = Debug|Any CPU
		Release|Any CPU = Release|Any CPU
	EndGlobalSection
	GlobalSection(ProjectConfigurationPlatforms) = postSolution
		{58041D41-AA72-42E5-AF9D-66CA8ED3B5DF}.Debug|Any CPU.ActiveCfg = Debug|Any CPU
		{58041D41-AA72-42E5-AF9D-66CA8ED3B5DF}.Debug|Any CPU.Build.0 = Debug|Any CPU
		{58041D41-AA72-42E5-AF9D-66CA8ED3B5DF}.Release|Any CPU.ActiveCfg = Release|Any CPU
		{58041D41-AA72-42E5-AF9D-66CA8ED3B5DF}.Release|Any CPU.Build.0 = Release|Any CPU
	EndGlobalSection
	GlobalSection(SolutionProperties) = preSolution
		HideSolutionNode = FALSE
	EndGlobalSection
	GlobalSection(ExtensibilityGlobals) = postSolution
		SolutionGuid = {789F5F1A-E605-4436-BA1C-64C420932745}
	EndGlobalSection
EndGlobal
